
Microsoft Visual Studio Solution File, Format Version 12.00
# Visual Studio Version 16
VisualStudioVersion = 16.0.30011.22
MinimumVisualStudioVersion = 10.0.40219.1
Project("{9A19103F-16F7-4668-BE54-9A1E7A4F7556}") = "DeploymentConsole.Web", "DeploymentConsole.Web.csproj", "{39ECD10F-0A97-4CF2-A115-38D02D4C444A}"
EndProject
Global
	GlobalSection(SolutionConfigurationPlatforms) = preSolution
		Debug|Any CPU = Debug|Any CPU
		Release|Any CPU = Release|Any CPU
	EndGlobalSection
	GlobalSection(ProjectConfigurationPlatforms) = postSolution
		{39ECD10F-0A97-4CF2-A115-38D02D4C444A}.Debug|Any CPU.ActiveCfg = Debug|Any CPU
		{39ECD10F-0A97-4CF2-A115-38D02D4C444A}.Debug|Any CPU.Build.0 = Debug|Any CPU
		{39ECD10F-0A97-4CF2-A115-38D02D4C444A}.Release|Any CPU.ActiveCfg = Release|Any CPU
		{39ECD10F-0A97-4CF2-A115-38D02D4C444A}.Release|Any CPU.Build.0 = Release|Any CPU
	EndGlobalSection
	GlobalSection(SolutionProperties) = preSolution
		HideSolutionNode = FALSE
	EndGlobalSection
	GlobalSection(ExtensibilityGlobals) = postSolution
		SolutionGuid = {BE8DE891-2053-4571-B8CE-9D3A1CC5FF4C}
	EndGlobalSection
EndGlobal
